// !$*UTF8*$!
{
	archiveVersion = 1;
	classes = {
	};
	objectVersion = 56;
	objects = {

/* Begin PBXBuildFile section */
		06051BE02B0902EF0055BAA6 /* HomeView.swift in Sources */ = {isa = PBXBuildFile; fileRef = 06051BDF2B0902EF0055BAA6 /* HomeView.swift */; };
		0607B2342B05034000373BBD /* posoApp.swift in Sources */ = {isa = PBXBuildFile; fileRef = 0607B2332B05034000373BBD /* posoApp.swift */; };
		0607B2382B05034400373BBD /* Assets.xcassets in Resources */ = {isa = PBXBuildFile; fileRef = 0607B2372B05034400373BBD /* Assets.xcassets */; };
		0607B23B2B05034400373BBD /* Preview Assets.xcassets in Resources */ = {isa = PBXBuildFile; fileRef = 0607B23A2B05034400373BBD /* Preview Assets.xcassets */; };
		0607B26B2B0504DF00373BBD /* MapView.swift in Sources */ = {isa = PBXBuildFile; fileRef = 0607B2672B0504DF00373BBD /* MapView.swift */; };
		0607B26C2B0504DF00373BBD /* WelcomeView.swift in Sources */ = {isa = PBXBuildFile; fileRef = 0607B2682B0504DF00373BBD /* WelcomeView.swift */; };
		0607B26D2B0504DF00373BBD /* ContentView.swift in Sources */ = {isa = PBXBuildFile; fileRef = 0607B2692B0504DF00373BBD /* ContentView.swift */; };
		0607B26E2B0504DF00373BBD /* MyPageView.swift in Sources */ = {isa = PBXBuildFile; fileRef = 0607B26A2B0504DF00373BBD /* MyPageView.swift */; };
		0607B2702B0504E600373BBD /* Extensions.swift in Sources */ = {isa = PBXBuildFile; fileRef = 0607B26F2B0504E600373BBD /* Extensions.swift */; };
		0607B2722B0504F600373BBD /* ModelData.swift in Sources */ = {isa = PBXBuildFile; fileRef = 0607B2712B0504F600373BBD /* ModelData.swift */; };
		0607B2852B0505CB00373BBD /* WeatherManager.swift in Sources */ = {isa = PBXBuildFile; fileRef = 0607B2842B0505CB00373BBD /* WeatherManager.swift */; };
		0607B2862B0505CB00373BBD /* LocationManager.swift in Sources */ = {isa = PBXBuildFile; fileRef = 0607B2832B0505CB00373BBD /* LocationManager.swift */; };
		0607B2882B05061600373BBD /* WeatherRow.swift in Sources */ = {isa = PBXBuildFile; fileRef = 0607B2872B05061600373BBD /* WeatherRow.swift */; };
		0607B28D2B05D6A700373BBD /* ChartView.swift in Sources */ = {isa = PBXBuildFile; fileRef = 0607B28C2B05D6A700373BBD /* ChartView.swift */; };
		06EE652B2B073432005F8EC9 /* FirebaseRealTimeManager.swift in Sources */ = {isa = PBXBuildFile; fileRef = 06EE652A2B073432005F8EC9 /* FirebaseRealTimeManager.swift */; };
		06EE652D2B073BDF005F8EC9 /* GoogleService-Info.plist in Resources */ = {isa = PBXBuildFile; fileRef = 06EE652C2B073BDF005F8EC9 /* GoogleService-Info.plist */; };
		06EE652F2B073CD4005F8EC9 /* MyCarStore.swift in Sources */ = {isa = PBXBuildFile; fileRef = 06EE652E2B073CD4005F8EC9 /* MyCarStore.swift */; };
		06EE65322B073D92005F8EC9 /* MyCar.swift in Sources */ = {isa = PBXBuildFile; fileRef = 06EE65312B073D92005F8EC9 /* MyCar.swift */; };
		06EE65342B0749A1005F8EC9 /* InfoView.swift in Sources */ = {isa = PBXBuildFile; fileRef = 06EE65332B0749A1005F8EC9 /* InfoView.swift */; };
		157FC8C0291541771EAC6835 /* Pods_poso.framework in Frameworks */ = {isa = PBXBuildFile; fileRef = E1C0BAF0EE5A45C3DEB731B7 /* Pods_poso.framework */; };
/* End PBXBuildFile section */

/* Begin PBXFileReference section */
		06051BDF2B0902EF0055BAA6 /* HomeView.swift */ = {isa = PBXFileReference; lastKnownFileType = sourcecode.swift; path = HomeView.swift; sourceTree = "<group>"; };
		0607B2302B05034000373BBD /* poso.app */ = {isa = PBXFileReference; explicitFileType = wrapper.application; includeInIndex = 0; path = poso.app; sourceTree = BUILT_PRODUCTS_DIR; };
		0607B2332B05034000373BBD /* posoApp.swift */ = {isa = PBXFileReference; lastKnownFileType = sourcecode.swift; path = posoApp.swift; sourceTree = "<group>"; };
		0607B2372B05034400373BBD /* Assets.xcassets */ = {isa = PBXFileReference; lastKnownFileType = folder.assetcatalog; path = Assets.xcassets; sourceTree = "<group>"; };
		0607B23A2B05034400373BBD /* Preview Assets.xcassets */ = {isa = PBXFileReference; lastKnownFileType = folder.assetcatalog; path = "Preview Assets.xcassets"; sourceTree = "<group>"; };
		0607B2672B0504DF00373BBD /* MapView.swift */ = {isa = PBXFileReference; fileEncoding = 4; lastKnownFileType = sourcecode.swift; path = MapView.swift; sourceTree = "<group>"; };
		0607B2682B0504DF00373BBD /* WelcomeView.swift */ = {isa = PBXFileReference; fileEncoding = 4; lastKnownFileType = sourcecode.swift; path = WelcomeView.swift; sourceTree = "<group>"; };
		0607B2692B0504DF00373BBD /* ContentView.swift */ = {isa = PBXFileReference; fileEncoding = 4; lastKnownFileType = sourcecode.swift; path = ContentView.swift; sourceTree = "<group>"; };
		0607B26A2B0504DF00373BBD /* MyPageView.swift */ = {isa = PBXFileReference; fileEncoding = 4; lastKnownFileType = sourcecode.swift; path = MyPageView.swift; sourceTree = "<group>"; };
		0607B26F2B0504E600373BBD /* Extensions.swift */ = {isa = PBXFileReference; fileEncoding = 4; lastKnownFileType = sourcecode.swift; path = Extensions.swift; sourceTree = "<group>"; };
		0607B2712B0504F600373BBD /* ModelData.swift */ = {isa = PBXFileReference; fileEncoding = 4; lastKnownFileType = sourcecode.swift; path = ModelData.swift; sourceTree = "<group>"; };
		0607B2832B0505CB00373BBD /* LocationManager.swift */ = {isa = PBXFileReference; lastKnownFileType = sourcecode.swift; path = LocationManager.swift; sourceTree = "<group>"; };
		0607B2842B0505CB00373BBD /* WeatherManager.swift */ = {isa = PBXFileReference; lastKnownFileType = sourcecode.swift; path = WeatherManager.swift; sourceTree = "<group>"; };
		0607B2872B05061600373BBD /* WeatherRow.swift */ = {isa = PBXFileReference; fileEncoding = 4; lastKnownFileType = sourcecode.swift; path = WeatherRow.swift; sourceTree = "<group>"; };
		0607B28C2B05D6A700373BBD /* ChartView.swift */ = {isa = PBXFileReference; lastKnownFileType = sourcecode.swift; path = ChartView.swift; sourceTree = "<group>"; };
		06EE652A2B073432005F8EC9 /* FirebaseRealTimeManager.swift */ = {isa = PBXFileReference; lastKnownFileType = sourcecode.swift; path = FirebaseRealTimeManager.swift; sourceTree = "<group>"; };
		06EE652C2B073BDF005F8EC9 /* GoogleService-Info.plist */ = {isa = PBXFileReference; fileEncoding = 4; lastKnownFileType = text.plist.xml; path = "GoogleService-Info.plist"; sourceTree = "<group>"; };
		06EE652E2B073CD4005F8EC9 /* MyCarStore.swift */ = {isa = PBXFileReference; lastKnownFileType = sourcecode.swift; path = MyCarStore.swift; sourceTree = "<group>"; };
		06EE65312B073D92005F8EC9 /* MyCar.swift */ = {isa = PBXFileReference; lastKnownFileType = sourcecode.swift; path = MyCar.swift; sourceTree = "<group>"; };
		06EE65332B0749A1005F8EC9 /* InfoView.swift */ = {isa = PBXFileReference; lastKnownFileType = sourcecode.swift; path = InfoView.swift; sourceTree = "<group>"; };
		1ADFB91D8FFA499E9087BADE /* Pods-poso.release.xcconfig */ = {isa = PBXFileReference; includeInIndex = 1; lastKnownFileType = text.xcconfig; name = "Pods-poso.release.xcconfig"; path = "Target Support Files/Pods-poso/Pods-poso.release.xcconfig"; sourceTree = "<group>"; };
		69603FFC3C37AE43FF918E3C /* Pods-poso.debug.xcconfig */ = {isa = PBXFileReference; includeInIndex = 1; lastKnownFileType = text.xcconfig; name = "Pods-poso.debug.xcconfig"; path = "Target Support Files/Pods-poso/Pods-poso.debug.xcconfig"; sourceTree = "<group>"; };
		E1C0BAF0EE5A45C3DEB731B7 /* Pods_poso.framework */ = {isa = PBXFileReference; explicitFileType = wrapper.framework; includeInIndex = 0; path = Pods_poso.framework; sourceTree = BUILT_PRODUCTS_DIR; };
/* End PBXFileReference section */

/* Begin PBXFrameworksBuildPhase section */
		0607B22D2B05034000373BBD /* Frameworks */ = {
			isa = PBXFrameworksBuildPhase;
			buildActionMask = 2147483647;
			files = (
				157FC8C0291541771EAC6835 /* Pods_poso.framework in Frameworks */,
			);
			runOnlyForDeploymentPostprocessing = 0;
		};
/* End PBXFrameworksBuildPhase section */

/* Begin PBXGroup section */
		0607B2272B05034000373BBD = {
			isa = PBXGroup;
			children = (
				0607B2322B05034000373BBD /* poso */,
				0607B2312B05034000373BBD /* Products */,
				E669496C525FBD9FD9C6B64A /* Pods */,
				86DE6BE541AD653E985827FE /* Frameworks */,
			);
			sourceTree = "<group>";
		};
		0607B2312B05034000373BBD /* Products */ = {
			isa = PBXGroup;
			children = (
				0607B2302B05034000373BBD /* poso.app */,
			);
			name = Products;
			sourceTree = "<group>";
		};
		0607B2322B05034000373BBD /* poso */ = {
			isa = PBXGroup;
			children = (
				0607B2332B05034000373BBD /* posoApp.swift */,
				0607B2822B0505CB00373BBD /* Manager */,
				06EE65302B073D7F005F8EC9 /* Model */,
				0607B28B2B05C93A00373BBD /* Store */,
				0607B2892B05061A00373BBD /* Cell */,
				0607B2662B0504DF00373BBD /* View */,
				0607B28A2B0518FE00373BBD /* Ex */,
				0607B2712B0504F600373BBD /* ModelData.swift */,
				0607B2372B05034400373BBD /* Assets.xcassets */,
				06EE652C2B073BDF005F8EC9 /* GoogleService-Info.plist */,
				0607B2392B05034400373BBD /* Preview Content */,
			);
			path = poso;
			sourceTree = "<group>";
		};
		0607B2392B05034400373BBD /* Preview Content */ = {
			isa = PBXGroup;
			children = (
				0607B23A2B05034400373BBD /* Preview Assets.xcassets */,
			);
			path = "Preview Content";
			sourceTree = "<group>";
		};
		0607B2662B0504DF00373BBD /* View */ = {
			isa = PBXGroup;
			children = (
				0607B2672B0504DF00373BBD /* MapView.swift */,
				0607B2682B0504DF00373BBD /* WelcomeView.swift */,
				0607B2692B0504DF00373BBD /* ContentView.swift */,
				0607B26A2B0504DF00373BBD /* MyPageView.swift */,
				0607B28C2B05D6A700373BBD /* ChartView.swift */,
				06EE65332B0749A1005F8EC9 /* InfoView.swift */,
				06051BDF2B0902EF0055BAA6 /* HomeView.swift */,
			);
			path = View;
			sourceTree = "<group>";
		};
		0607B2822B0505CB00373BBD /* Manager */ = {
			isa = PBXGroup;
			children = (
				0607B2842B0505CB00373BBD /* WeatherManager.swift */,
				0607B2832B0505CB00373BBD /* LocationManager.swift */,
				06EE652A2B073432005F8EC9 /* FirebaseRealTimeManager.swift */,
			);
			path = Manager;
			sourceTree = "<group>";
		};
		0607B2892B05061A00373BBD /* Cell */ = {
			isa = PBXGroup;
			children = (
				0607B2872B05061600373BBD /* WeatherRow.swift */,
			);
			path = Cell;
			sourceTree = "<group>";
		};
		0607B28A2B0518FE00373BBD /* Ex */ = {
			isa = PBXGroup;
			children = (
				0607B26F2B0504E600373BBD /* Extensions.swift */,
			);
			path = Ex;
			sourceTree = "<group>";
		};
		0607B28B2B05C93A00373BBD /* Store */ = {
			isa = PBXGroup;
			children = (
				06EE652E2B073CD4005F8EC9 /* MyCarStore.swift */,
			);
			path = Store;
			sourceTree = "<group>";
		};
		06EE65302B073D7F005F8EC9 /* Model */ = {
			isa = PBXGroup;
			children = (
				06EE65312B073D92005F8EC9 /* MyCar.swift */,
			);
			path = Model;
			sourceTree = "<group>";
		};
		86DE6BE541AD653E985827FE /* Frameworks */ = {
			isa = PBXGroup;
			children = (
				E1C0BAF0EE5A45C3DEB731B7 /* Pods_poso.framework */,
			);
			name = Frameworks;
			sourceTree = "<group>";
		};
		E669496C525FBD9FD9C6B64A /* Pods */ = {
			isa = PBXGroup;
			children = (
				69603FFC3C37AE43FF918E3C /* Pods-poso.debug.xcconfig */,
				1ADFB91D8FFA499E9087BADE /* Pods-poso.release.xcconfig */,
			);
			path = Pods;
			sourceTree = "<group>";
		};
/* End PBXGroup section */

/* Begin PBXNativeTarget section */
		0607B22F2B05034000373BBD /* poso */ = {
			isa = PBXNativeTarget;
			buildConfigurationList = 0607B23E2B05034400373BBD /* Build configuration list for PBXNativeTarget "poso" */;
			buildPhases = (
				98CF72F0828608F6CE09C7C7 /* [CP] Check Pods Manifest.lock */,
				0607B22C2B05034000373BBD /* Sources */,
				0607B22D2B05034000373BBD /* Frameworks */,
				0607B22E2B05034000373BBD /* Resources */,
				EDBF7012C6EA54457A9FE19D /* [CP] Embed Pods Frameworks */,
			);
			buildRules = (
			);
			dependencies = (
			);
			name = poso;
			productName = poso;
			productReference = 0607B2302B05034000373BBD /* poso.app */;
			productType = "com.apple.product-type.application";
		};
/* End PBXNativeTarget section */

/* Begin PBXProject section */
		0607B2282B05034000373BBD /* Project object */ = {
			isa = PBXProject;
			attributes = {
				BuildIndependentTargetsInParallel = 1;
				LastSwiftUpdateCheck = 1500;
				LastUpgradeCheck = 1500;
				TargetAttributes = {
					0607B22F2B05034000373BBD = {
						CreatedOnToolsVersion = 15.0.1;
					};
				};
			};
			buildConfigurationList = 0607B22B2B05034000373BBD /* Build configuration list for PBXProject "poso" */;
			compatibilityVersion = "Xcode 14.0";
			developmentRegion = en;
			hasScannedForEncodings = 0;
			knownRegions = (
				en,
				Base,
			);
			mainGroup = 0607B2272B05034000373BBD;
			productRefGroup = 0607B2312B05034000373BBD /* Products */;
			projectDirPath = "";
			projectRoot = "";
			targets = (
				0607B22F2B05034000373BBD /* poso */,
			);
		};
/* End PBXProject section */

/* Begin PBXResourcesBuildPhase section */
		0607B22E2B05034000373BBD /* Resources */ = {
			isa = PBXResourcesBuildPhase;
			buildActionMask = 2147483647;
			files = (
				0607B23B2B05034400373BBD /* Preview Assets.xcassets in Resources */,
				06EE652D2B073BDF005F8EC9 /* GoogleService-Info.plist in Resources */,
				0607B2382B05034400373BBD /* Assets.xcassets in Resources */,
			);
			runOnlyForDeploymentPostprocessing = 0;
		};
/* End PBXResourcesBuildPhase section */

/* Begin PBXShellScriptBuildPhase section */
		98CF72F0828608F6CE09C7C7 /* [CP] Check Pods Manifest.lock */ = {
			isa = PBXShellScriptBuildPhase;
			buildActionMask = 2147483647;
			files = (
			);
			inputFileListPaths = (
			);
			inputPaths = (
				"${PODS_PODFILE_DIR_PATH}/Podfile.lock",
				"${PODS_ROOT}/Manifest.lock",
			);
			name = "[CP] Check Pods Manifest.lock";
			outputFileListPaths = (
			);
			outputPaths = (
				"$(DERIVED_FILE_DIR)/Pods-poso-checkManifestLockResult.txt",
			);
			runOnlyForDeploymentPostprocessing = 0;
			shellPath = /bin/sh;
			shellScript = "diff \"${PODS_PODFILE_DIR_PATH}/Podfile.lock\" \"${PODS_ROOT}/Manifest.lock\" > /dev/null\nif [ $? != 0 ] ; then\n    # print error to STDERR\n    echo \"error: The sandbox is not in sync with the Podfile.lock. Run 'pod install' or update your CocoaPods installation.\" >&2\n    exit 1\nfi\n# This output is used by Xcode 'outputs' to avoid re-running this script phase.\necho \"SUCCESS\" > \"${SCRIPT_OUTPUT_FILE_0}\"\n";
			showEnvVarsInLog = 0;
		};
		EDBF7012C6EA54457A9FE19D /* [CP] Embed Pods Frameworks */ = {
			isa = PBXShellScriptBuildPhase;
			buildActionMask = 2147483647;
			files = (
			);
			inputFileListPaths = (
				"${PODS_ROOT}/Target Support Files/Pods-poso/Pods-poso-frameworks-${CONFIGURATION}-input-files.xcfilelist",
			);
			name = "[CP] Embed Pods Frameworks";
			outputFileListPaths = (
				"${PODS_ROOT}/Target Support Files/Pods-poso/Pods-poso-frameworks-${CONFIGURATION}-output-files.xcfilelist",
			);
			runOnlyForDeploymentPostprocessing = 0;
			shellPath = /bin/sh;
			shellScript = "\"${PODS_ROOT}/Target Support Files/Pods-poso/Pods-poso-frameworks.sh\"\n";
			showEnvVarsInLog = 0;
		};
/* End PBXShellScriptBuildPhase section */

/* Begin PBXSourcesBuildPhase section */
		0607B22C2B05034000373BBD /* Sources */ = {
			isa = PBXSourcesBuildPhase;
			buildActionMask = 2147483647;
			files = (
				0607B2722B0504F600373BBD /* ModelData.swift in Sources */,
				0607B26E2B0504DF00373BBD /* MyPageView.swift in Sources */,
				06EE65322B073D92005F8EC9 /* MyCar.swift in Sources */,
				0607B2852B0505CB00373BBD /* WeatherManager.swift in Sources */,
				0607B2862B0505CB00373BBD /* LocationManager.swift in Sources */,
				0607B26D2B0504DF00373BBD /* ContentView.swift in Sources */,
				0607B2882B05061600373BBD /* WeatherRow.swift in Sources */,
				0607B26C2B0504DF00373BBD /* WelcomeView.swift in Sources */,
				06EE652B2B073432005F8EC9 /* FirebaseRealTimeManager.swift in Sources */,
				06EE652F2B073CD4005F8EC9 /* MyCarStore.swift in Sources */,
				0607B28D2B05D6A700373BBD /* ChartView.swift in Sources */,
				0607B26B2B0504DF00373BBD /* MapView.swift in Sources */,
				0607B2342B05034000373BBD /* posoApp.swift in Sources */,
				06051BE02B0902EF0055BAA6 /* HomeView.swift in Sources */,
				06EE65342B0749A1005F8EC9 /* InfoView.swift in Sources */,
				0607B2702B0504E600373BBD /* Extensions.swift in Sources */,
			);
			runOnlyForDeploymentPostprocessing = 0;
		};
/* End PBXSourcesBuildPhase section */

/* Begin XCBuildConfiguration section */
		0607B23C2B05034400373BBD /* Debug */ = {
			isa = XCBuildConfiguration;
			buildSettings = {
				ALWAYS_SEARCH_USER_PATHS = NO;
				ASSETCATALOG_COMPILER_GENERATE_SWIFT_ASSET_SYMBOL_EXTENSIONS = YES;
				CLANG_ANALYZER_NONNULL = YES;
				CLANG_ANALYZER_NUMBER_OBJECT_CONVERSION = YES_AGGRESSIVE;
				CLANG_CXX_LANGUAGE_STANDARD = "gnu++20";
				CLANG_ENABLE_MODULES = YES;
				CLANG_ENABLE_OBJC_ARC = YES;
				CLANG_ENABLE_OBJC_WEAK = YES;
				CLANG_WARN_BLOCK_CAPTURE_AUTORELEASING = YES;
				CLANG_WARN_BOOL_CONVERSION = YES;
				CLANG_WARN_COMMA = YES;
				CLANG_WARN_CONSTANT_CONVERSION = YES;
				CLANG_WARN_DEPRECATED_OBJC_IMPLEMENTATIONS = YES;
				CLANG_WARN_DIRECT_OBJC_ISA_USAGE = YES_ERROR;
				CLANG_WARN_DOCUMENTATION_COMMENTS = YES;
				CLANG_WARN_EMPTY_BODY = YES;
				CLANG_WARN_ENUM_CONVERSION = YES;
				CLANG_WARN_INFINITE_RECURSION = YES;
				CLANG_WARN_INT_CONVERSION = YES;
				CLANG_WARN_NON_LITERAL_NULL_CONVERSION = YES;
				CLANG_WARN_OBJC_IMPLICIT_RETAIN_SELF = YES;
				CLANG_WARN_OBJC_LITERAL_CONVERSION = YES;
				CLANG_WARN_OBJC_ROOT_CLASS = YES_ERROR;
				CLANG_WARN_QUOTED_INCLUDE_IN_FRAMEWORK_HEADER = YES;
				CLANG_WARN_RANGE_LOOP_ANALYSIS = YES;
				CLANG_WARN_STRICT_PROTOTYPES = YES;
				CLANG_WARN_SUSPICIOUS_MOVE = YES;
				CLANG_WARN_UNGUARDED_AVAILABILITY = YES_AGGRESSIVE;
				CLANG_WARN_UNREACHABLE_CODE = YES;
				CLANG_WARN__DUPLICATE_METHOD_MATCH = YES;
				COPY_PHASE_STRIP = NO;
				DEBUG_INFORMATION_FORMAT = dwarf;
				ENABLE_STRICT_OBJC_MSGSEND = YES;
				ENABLE_TESTABILITY = YES;
				ENABLE_USER_SCRIPT_SANDBOXING = NO;
				GCC_C_LANGUAGE_STANDARD = gnu17;
				GCC_DYNAMIC_NO_PIC = NO;
				GCC_NO_COMMON_BLOCKS = YES;
				GCC_OPTIMIZATION_LEVEL = 0;
				GCC_PREPROCESSOR_DEFINITIONS = (
					"DEBUG=1",
					"$(inherited)",
				);
				GCC_WARN_64_TO_32_BIT_CONVERSION = YES;
				GCC_WARN_ABOUT_RETURN_TYPE = YES_ERROR;
				GCC_WARN_UNDECLARED_SELECTOR = YES;
				GCC_WARN_UNINITIALIZED_AUTOS = YES_AGGRESSIVE;
				GCC_WARN_UNUSED_FUNCTION = YES;
				GCC_WARN_UNUSED_VARIABLE = YES;
				IPHONEOS_DEPLOYMENT_TARGET = 17.0;
				LOCALIZATION_PREFERS_STRING_CATALOGS = YES;
				MTL_ENABLE_DEBUG_INFO = INCLUDE_SOURCE;
				MTL_FAST_MATH = YES;
				ONLY_ACTIVE_ARCH = YES;
				SDKROOT = iphoneos;
				SWIFT_ACTIVE_COMPILATION_CONDITIONS = "DEBUG $(inherited)";
				SWIFT_OPTIMIZATION_LEVEL = "-Onone";
			};
			name = Debug;
		};
		0607B23D2B05034400373BBD /* Release */ = {
			isa = XCBuildConfiguration;
			buildSettings = {
				ALWAYS_SEARCH_USER_PATHS = NO;
				ASSETCATALOG_COMPILER_GENERATE_SWIFT_ASSET_SYMBOL_EXTENSIONS = YES;
				CLANG_ANALYZER_NONNULL = YES;
				CLANG_ANALYZER_NUMBER_OBJECT_CONVERSION = YES_AGGRESSIVE;
				CLANG_CXX_LANGUAGE_STANDARD = "gnu++20";
				CLANG_ENABLE_MODULES = YES;
				CLANG_ENABLE_OBJC_ARC = YES;
				CLANG_ENABLE_OBJC_WEAK = YES;
				CLANG_WARN_BLOCK_CAPTURE_AUTORELEASING = YES;
				CLANG_WARN_BOOL_CONVERSION = YES;
				CLANG_WARN_COMMA = YES;
				CLANG_WARN_CONSTANT_CONVERSION = YES;
				CLANG_WARN_DEPRECATED_OBJC_IMPLEMENTATIONS = YES;
				CLANG_WARN_DIRECT_OBJC_ISA_USAGE = YES_ERROR;
				CLANG_WARN_DOCUMENTATION_COMMENTS = YES;
				CLANG_WARN_EMPTY_BODY = YES;
				CLANG_WARN_ENUM_CONVERSION = YES;
				CLANG_WARN_INFINITE_RECURSION = YES;
				CLANG_WARN_INT_CONVERSION = YES;
				CLANG_WARN_NON_LITERAL_NULL_CONVERSION = YES;
				CLANG_WARN_OBJC_IMPLICIT_RETAIN_SELF = YES;
				CLANG_WARN_OBJC_LITERAL_CONVERSION = YES;
				CLANG_WARN_OBJC_ROOT_CLASS = YES_ERROR;
				CLANG_WARN_QUOTED_INCLUDE_IN_FRAMEWORK_HEADER = YES;
				CLANG_WARN_RANGE_LOOP_ANALYSIS = YES;
				CLANG_WARN_STRICT_PROTOTYPES = YES;
				CLANG_WARN_SUSPICIOUS_MOVE = YES;
				CLANG_WARN_UNGUARDED_AVAILABILITY = YES_AGGRESSIVE;
				CLANG_WARN_UNREACHABLE_CODE = YES;
				CLANG_WARN__DUPLICATE_METHOD_MATCH = YES;
				COPY_PHASE_STRIP = NO;
				DEBUG_INFORMATION_FORMAT = "dwarf-with-dsym";
				ENABLE_NS_ASSERTIONS = NO;
				ENABLE_STRICT_OBJC_MSGSEND = YES;
				ENABLE_USER_SCRIPT_SANDBOXING = NO;
				GCC_C_LANGUAGE_STANDARD = gnu17;
				GCC_NO_COMMON_BLOCKS = YES;
				GCC_WARN_64_TO_32_BIT_CONVERSION = YES;
				GCC_WARN_ABOUT_RETURN_TYPE = YES_ERROR;
				GCC_WARN_UNDECLARED_SELECTOR = YES;
				GCC_WARN_UNINITIALIZED_AUTOS = YES_AGGRESSIVE;
				GCC_WARN_UNUSED_FUNCTION = YES;
				GCC_WARN_UNUSED_VARIABLE = YES;
				IPHONEOS_DEPLOYMENT_TARGET = 17.0;
				LOCALIZATION_PREFERS_STRING_CATALOGS = YES;
				MTL_ENABLE_DEBUG_INFO = NO;
				MTL_FAST_MATH = YES;
				SDKROOT = iphoneos;
				SWIFT_COMPILATION_MODE = wholemodule;
				VALIDATE_PRODUCT = YES;
			};
			name = Release;
		};
		0607B23F2B05034400373BBD /* Debug */ = {
			isa = XCBuildConfiguration;
			baseConfigurationReference = 69603FFC3C37AE43FF918E3C /* Pods-poso.debug.xcconfig */;
			buildSettings = {
				ASSETCATALOG_COMPILER_APPICON_NAME = AppIcon;
				ASSETCATALOG_COMPILER_GLOBAL_ACCENT_COLOR_NAME = AccentColor;
				CODE_SIGN_STYLE = Automatic;
				CURRENT_PROJECT_VERSION = 1;
				DEVELOPMENT_ASSET_PATHS = "\"poso/Preview Content\"";
				DEVELOPMENT_TEAM = 53HTR6RHK8;
				ENABLE_PREVIEWS = YES;
				GENERATE_INFOPLIST_FILE = YES;
				INFOPLIST_KEY_UIApplicationSceneManifest_Generation = YES;
				INFOPLIST_KEY_UIApplicationSupportsIndirectInputEvents = YES;
				INFOPLIST_KEY_UILaunchScreen_Generation = YES;
				INFOPLIST_KEY_UISupportedInterfaceOrientations_iPad = "UIInterfaceOrientationPortrait UIInterfaceOrientationPortraitUpsideDown UIInterfaceOrientationLandscapeLeft UIInterfaceOrientationLandscapeRight";
				INFOPLIST_KEY_UISupportedInterfaceOrientations_iPhone = "UIInterfaceOrientationPortrait UIInterfaceOrientationLandscapeLeft UIInterfaceOrientationLandscapeRight";
				LD_RUNPATH_SEARCH_PATHS = (
					"$(inherited)",
					"@executable_path/Frameworks",
				);
				MARKETING_VERSION = 1.0;
				PRODUCT_BUNDLE_IDENTIFIER = pkkyung.poso;
				PRODUCT_NAME = "$(TARGET_NAME)";
				SWIFT_EMIT_LOC_STRINGS = YES;
				SWIFT_VERSION = 5.0;
				TARGETED_DEVICE_FAMILY = "1,2";
			};
			name = Debug;
		};
		0607B2402B05034400373BBD /* Release */ = {
			isa = XCBuildConfiguration;
			baseConfigurationReference = 1ADFB91D8FFA499E9087BADE /* Pods-poso.release.xcconfig */;
			buildSettings = {
				ASSETCATALOG_COMPILER_APPICON_NAME = AppIcon;
				ASSETCATALOG_COMPILER_GLOBAL_ACCENT_COLOR_NAME = AccentColor;
				CODE_SIGN_STYLE = Automatic;
				CURRENT_PROJECT_VERSION = 1;
				DEVELOPMENT_ASSET_PATHS = "\"poso/Preview Content\"";
				DEVELOPMENT_TEAM = 53HTR6RHK8;
				ENABLE_PREVIEWS = YES;
				GENERATE_INFOPLIST_FILE = YES;
				INFOPLIST_KEY_UIApplicationSceneManifest_Generation = YES;
				INFOPLIST_KEY_UIApplicationSupportsIndirectInputEvents = YES;
				INFOPLIST_KEY_UILaunchScreen_Generation = YES;
				INFOPLIST_KEY_UISupportedInterfaceOrientations_iPad = "UIInterfaceOrientationPortrait UIInterfaceOrientationPortraitUpsideDown UIInterfaceOrientationLandscapeLeft UIInterfaceOrientationLandscapeRight";
				INFOPLIST_KEY_UISupportedInterfaceOrientations_iPhone = "UIInterfaceOrientationPortrait UIInterfaceOrientationLandscapeLeft UIInterfaceOrientationLandscapeRight";
				LD_RUNPATH_SEARCH_PATHS = (
					"$(inherited)",
					"@executable_path/Frameworks",
				);
				MARKETING_VERSION = 1.0;
				PRODUCT_BUNDLE_IDENTIFIER = pkkyung.poso;
				PRODUCT_NAME = "$(TARGET_NAME)";
				SWIFT_EMIT_LOC_STRINGS = YES;
				SWIFT_VERSION = 5.0;
				TARGETED_DEVICE_FAMILY = "1,2";
			};
			name = Release;
		};
/* End XCBuildConfiguration section */

/* Begin XCConfigurationList section */
		0607B22B2B05034000373BBD /* Build configuration list for PBXProject "poso" */ = {
			isa = XCConfigurationList;
			buildConfigurations = (
				0607B23C2B05034400373BBD /* Debug */,
				0607B23D2B05034400373BBD /* Release */,
			);
			defaultConfigurationIsVisible = 0;
			defaultConfigurationName = Release;
		};
		0607B23E2B05034400373BBD /* Build configuration list for PBXNativeTarget "poso" */ = {
			isa = XCConfigurationList;
			buildConfigurations = (
				0607B23F2B05034400373BBD /* Debug */,
				0607B2402B05034400373BBD /* Release */,
			);
			defaultConfigurationIsVisible = 0;
			defaultConfigurationName = Release;
		};
/* End XCConfigurationList section */
	};
	rootObject = 0607B2282B05034000373BBD /* Project object */;
}
